{
  "nodes": {
    "emacs": {
      "locked": {
        "lastModified": 1628588092,
        "narHash": "sha256-Dz/T8zE7dOo70W2d5LdodWkqqeUosEgI5uMIZiepstU=",
        "owner": "nix-community",
        "repo": "emacs-overlay",
        "rev": "46190b74dad8cd3c35cf8ae9334597392937882f",
        "type": "github"
      },
      "original": {
        "owner": "nix-community",
        "ref": "master",
        "repo": "emacs-overlay",
        "type": "github"
      }
    },
    "home-manager": {
      "inputs": {
        "nixpkgs": "nixpkgs"
      },
      "locked": {
        "lastModified": 1627649712,
        "narHash": "sha256-AJBasvMKpsyJmCLdjroBElCHY5AlalbVy+XY5vjbgXc=",
        "owner": "nix-community",
        "repo": "home-manager",
        "rev": "b39647e52ed3c0b989e9d5c965e598ae4c38d7ef",
        "type": "github"
      },
      "original": {
        "owner": "nix-community",
        "ref": "release-21.05",
        "repo": "home-manager",
        "type": "github"
      }
    },
    "nixos-hardware": {
      "locked": {
        "lastModified": 1628440507,
        "narHash": "sha256-xXnG0f3fuuCbBpiVuzsIOd59AMgTGNE0/tAhMV+oEHY=",
        "owner": "NixOS",
        "repo": "nixos-hardware",
        "rev": "7da029f26849f8696ac49652312c9171bf9eb170",
        "type": "github"
      },
      "original": {
        "owner": "NixOS",
        "ref": "master",
        "repo": "nixos-hardware",
        "type": "github"
      }
    },
    "nixpkgs": {
      "locked": {
        "lastModified": 1628600894,
        "narHash": "sha256-J9Yq1pnfp5f35j+iJd5yGJuZ/KLyRJhcCDbQ4Dt5MBw=",
        "owner": "NixOS",
        "repo": "nixpkgs",
        "rev": "56519d9b51f3ae57c4a7354bd3a1c9019e98b167",
        "type": "github"
      },
      "original": {
        "id": "nixpkgs",
        "type": "indirect"
      }
    },
    "nixpkgs_2": {
      "locked": {
        "lastModified": 1628585263,
        "narHash": "sha256-DDeXT2Jy1xC0nrHdpSoT9EmptakTfRfAc1MtuMO3nzE=",
        "owner": "NixOS",
        "repo": "nixpkgs",
        "rev": "8808f27a6baee4c12478a96bcb087beaaed43972",
        "type": "github"
      },
      "original": {
        "owner": "NixOS",
        "ref": "nixos-21.05-small",
        "repo": "nixpkgs",
        "type": "github"
      }
    },
    "root": {
      "inputs": {
        "emacs": "emacs",
        "home-manager": "home-manager",
        "nixos-hardware": "nixos-hardware",
        "nixpkgs": "nixpkgs_2"
      }
    }
  },
  "root": "root",
  "version": 7
}
